// !$*UTF8*$!
{
	archiveVersion = 1;
	classes = {
	};
	objectVersion = 55;
	objects = {

/* Begin PBXBuildFile section */
		D14D581F274C598A0029EFFE /* AppDelegate.swift in Sources */ = {isa = PBXBuildFile; fileRef = D14D581E274C598A0029EFFE /* AppDelegate.swift */; };
		D14D5821274C598A0029EFFE /* SceneDelegate.swift in Sources */ = {isa = PBXBuildFile; fileRef = D14D5820274C598A0029EFFE /* SceneDelegate.swift */; };
		D14D5823274C598A0029EFFE /* ViewController.swift in Sources */ = {isa = PBXBuildFile; fileRef = D14D5822274C598A0029EFFE /* ViewController.swift */; };
		D14D5826274C598A0029EFFE /* Main.storyboard in Resources */ = {isa = PBXBuildFile; fileRef = D14D5824274C598A0029EFFE /* Main.storyboard */; };
		D14D5828274C598B0029EFFE /* Assets.xcassets in Resources */ = {isa = PBXBuildFile; fileRef = D14D5827274C598B0029EFFE /* Assets.xcassets */; };
		D14D582B274C598B0029EFFE /* LaunchScreen.storyboard in Resources */ = {isa = PBXBuildFile; fileRef = D14D5829274C598B0029EFFE /* LaunchScreen.storyboard */; };
		D14D5833274C5F940029EFFE /* gifLoad.swift in Sources */ = {isa = PBXBuildFile; fileRef = D14D5832274C5F940029EFFE /* gifLoad.swift */; };
		D14D5835274C60210029EFFE /* puppy.gif in Resources */ = {isa = PBXBuildFile; fileRef = D14D5834274C60210029EFFE /* puppy.gif */; };
		D14D583A274C6DB60029EFFE /* ViewAdoptarTab.swift in Sources */ = {isa = PBXBuildFile; fileRef = D14D5839274C6DB60029EFFE /* ViewAdoptarTab.swift */; };
		D14D583C274C76BB0029EFFE /* perdidos.gif in Resources */ = {isa = PBXBuildFile; fileRef = D14D583B274C76BB0029EFFE /* perdidos.gif */; };
		D14D583E274C78ED0029EFFE /* ViewPerdidosTab.swift in Sources */ = {isa = PBXBuildFile; fileRef = D14D583D274C78ED0029EFFE /* ViewPerdidosTab.swift */; };
		D14D5840274C7BA50029EFFE /* encontrados.gif in Resources */ = {isa = PBXBuildFile; fileRef = D14D583F274C7BA50029EFFE /* encontrados.gif */; };
		D14D5842274C7ED90029EFFE /* ViewEncontradosTab.swift in Sources */ = {isa = PBXBuildFile; fileRef = D14D5841274C7ED90029EFFE /* ViewEncontradosTab.swift */; };
		D14D5846274C86120029EFFE /* iCarousel.m in Sources */ = {isa = PBXBuildFile; fileRef = D14D5844274C86120029EFFE /* iCarousel.m */; };
		D14D5848274C86800029EFFE /* ViewCarrusel.swift in Sources */ = {isa = PBXBuildFile; fileRef = D14D5847274C86800029EFFE /* ViewCarrusel.swift */; };
		D1AC388A274D3F35006D72D5 /* Datos.swift in Sources */ = {isa = PBXBuildFile; fileRef = D1AC3889274D3F35006D72D5 /* Datos.swift */; };
		D1AC388C274D561E006D72D5 /* ViewDetalleDatos.swift in Sources */ = {isa = PBXBuildFile; fileRef = D1AC388B274D561D006D72D5 /* ViewDetalleDatos.swift */; };
/* End PBXBuildFile section */

/* Begin PBXFileReference section */
		D14D581B274C598A0029EFFE /* FindPet.app */ = {isa = PBXFileReference; explicitFileType = wrapper.application; includeInIndex = 0; path = FindPet.app; sourceTree = BUILT_PRODUCTS_DIR; };
		D14D581E274C598A0029EFFE /* AppDelegate.swift */ = {isa = PBXFileReference; lastKnownFileType = sourcecode.swift; path = AppDelegate.swift; sourceTree = "<group>"; };
		D14D5820274C598A0029EFFE /* SceneDelegate.swift */ = {isa = PBXFileReference; lastKnownFileType = sourcecode.swift; path = SceneDelegate.swift; sourceTree = "<group>"; };
		D14D5822274C598A0029EFFE /* ViewController.swift */ = {isa = PBXFileReference; lastKnownFileType = sourcecode.swift; path = ViewController.swift; sourceTree = "<group>"; };
		D14D5825274C598A0029EFFE /* Base */ = {isa = PBXFileReference; lastKnownFileType = file.storyboard; name = Base; path = Base.lproj/Main.storyboard; sourceTree = "<group>"; };
		D14D5827274C598B0029EFFE /* Assets.xcassets */ = {isa = PBXFileReference; lastKnownFileType = folder.assetcatalog; path = Assets.xcassets; sourceTree = "<group>"; };
		D14D582A274C598B0029EFFE /* Base */ = {isa = PBXFileReference; lastKnownFileType = file.storyboard; name = Base; path = Base.lproj/LaunchScreen.storyboard; sourceTree = "<group>"; };
		D14D582C274C598B0029EFFE /* Info.plist */ = {isa = PBXFileReference; lastKnownFileType = text.plist.xml; path = Info.plist; sourceTree = "<group>"; };
		D14D5832274C5F940029EFFE /* gifLoad.swift */ = {isa = PBXFileReference; fileEncoding = 4; lastKnownFileType = sourcecode.swift; path = gifLoad.swift; sourceTree = "<group>"; };
		D14D5834274C60210029EFFE /* puppy.gif */ = {isa = PBXFileReference; lastKnownFileType = image.gif; path = puppy.gif; sourceTree = "<group>"; };
		D14D5839274C6DB60029EFFE /* ViewAdoptarTab.swift */ = {isa = PBXFileReference; lastKnownFileType = sourcecode.swift; path = ViewAdoptarTab.swift; sourceTree = "<group>"; };
		D14D583B274C76BB0029EFFE /* perdidos.gif */ = {isa = PBXFileReference; lastKnownFileType = image.gif; path = perdidos.gif; sourceTree = "<group>"; };
		D14D583D274C78ED0029EFFE /* ViewPerdidosTab.swift */ = {isa = PBXFileReference; lastKnownFileType = sourcecode.swift; path = ViewPerdidosTab.swift; sourceTree = "<group>"; };
		D14D583F274C7BA50029EFFE /* encontrados.gif */ = {isa = PBXFileReference; lastKnownFileType = image.gif; path = encontrados.gif; sourceTree = "<group>"; };
		D14D5841274C7ED90029EFFE /* ViewEncontradosTab.swift */ = {isa = PBXFileReference; lastKnownFileType = sourcecode.swift; path = ViewEncontradosTab.swift; sourceTree = "<group>"; };
		D14D5843274C86120029EFFE /* FindPet-Bridging-Header.h */ = {isa = PBXFileReference; lastKnownFileType = sourcecode.c.h; path = "FindPet-Bridging-Header.h"; sourceTree = "<group>"; };
		D14D5844274C86120029EFFE /* iCarousel.m */ = {isa = PBXFileReference; fileEncoding = 4; lastKnownFileType = sourcecode.c.objc; path = iCarousel.m; sourceTree = "<group>"; };
		D14D5845274C86120029EFFE /* iCarousel.h */ = {isa = PBXFileReference; fileEncoding = 4; lastKnownFileType = sourcecode.c.h; path = iCarousel.h; sourceTree = "<group>"; };
		D14D5847274C86800029EFFE /* ViewCarrusel.swift */ = {isa = PBXFileReference; fileEncoding = 4; lastKnownFileType = sourcecode.swift; path = ViewCarrusel.swift; sourceTree = "<group>"; };
		D1AC3889274D3F35006D72D5 /* Datos.swift */ = {isa = PBXFileReference; lastKnownFileType = sourcecode.swift; path = Datos.swift; sourceTree = "<group>"; };
		D1AC388B274D561D006D72D5 /* ViewDetalleDatos.swift */ = {isa = PBXFileReference; lastKnownFileType = sourcecode.swift; path = ViewDetalleDatos.swift; sourceTree = "<group>"; };
/* End PBXFileReference section */

/* Begin PBXFrameworksBuildPhase section */
		D14D5818274C598A0029EFFE /* Frameworks */ = {
			isa = PBXFrameworksBuildPhase;
			buildActionMask = 2147483647;
			files = (
			);
			runOnlyForDeploymentPostprocessing = 0;
		};
/* End PBXFrameworksBuildPhase section */

/* Begin PBXGroup section */
		D14D5812274C598A0029EFFE = {
			isa = PBXGroup;
			children = (
				D14D581D274C598A0029EFFE /* FindPet */,
				D14D581C274C598A0029EFFE /* Products */,
			);
			sourceTree = "<group>";
		};
		D14D581C274C598A0029EFFE /* Products */ = {
			isa = PBXGroup;
			children = (
				D14D581B274C598A0029EFFE /* FindPet.app */,
			);
			name = Products;
			sourceTree = "<group>";
		};
		D14D581D274C598A0029EFFE /* FindPet */ = {
			isa = PBXGroup;
			children = (
				D1AC3888274D3DAB006D72D5 /* iCarousel */,
				D14D5838274C6D870029EFFE /* ViewsTab */,
				D14D5836274C60B30029EFFE /* Imagenes Gif */,
				D14D581E274C598A0029EFFE /* AppDelegate.swift */,
				D14D5820274C598A0029EFFE /* SceneDelegate.swift */,
				D14D5822274C598A0029EFFE /* ViewController.swift */,
				D14D5824274C598A0029EFFE /* Main.storyboard */,
				D14D5827274C598B0029EFFE /* Assets.xcassets */,
				D14D5829274C598B0029EFFE /* LaunchScreen.storyboard */,
				D14D582C274C598B0029EFFE /* Info.plist */,
				D14D5832274C5F940029EFFE /* gifLoad.swift */,
				D14D5847274C86800029EFFE /* ViewCarrusel.swift */,
				D1AC3889274D3F35006D72D5 /* Datos.swift */,
				D1AC388B274D561D006D72D5 /* ViewDetalleDatos.swift */,
			);
			path = FindPet;
			sourceTree = "<group>";
		};
		D14D5836274C60B30029EFFE /* Imagenes Gif */ = {
			isa = PBXGroup;
			children = (
				D14D583F274C7BA50029EFFE /* encontrados.gif */,
				D14D583B274C76BB0029EFFE /* perdidos.gif */,
				D14D5834274C60210029EFFE /* puppy.gif */,
			);
			name = "Imagenes Gif";
			sourceTree = "<group>";
		};
		D14D5838274C6D870029EFFE /* ViewsTab */ = {
			isa = PBXGroup;
			children = (
				D14D5839274C6DB60029EFFE /* ViewAdoptarTab.swift */,
				D14D583D274C78ED0029EFFE /* ViewPerdidosTab.swift */,
				D14D5841274C7ED90029EFFE /* ViewEncontradosTab.swift */,
			);
			name = ViewsTab;
			sourceTree = "<group>";
		};
		D1AC3888274D3DAB006D72D5 /* iCarousel */ = {
			isa = PBXGroup;
			children = (
				D14D5845274C86120029EFFE /* iCarousel.h */,
				D14D5844274C86120029EFFE /* iCarousel.m */,
				D14D5843274C86120029EFFE /* FindPet-Bridging-Header.h */,
			);
			name = iCarousel;
			sourceTree = "<group>";
		};
/* End PBXGroup section */

/* Begin PBXNativeTarget section */
		D14D581A274C598A0029EFFE /* FindPet */ = {
			isa = PBXNativeTarget;
			buildConfigurationList = D14D582F274C598B0029EFFE /* Build configuration list for PBXNativeTarget "FindPet" */;
			buildPhases = (
				D14D5817274C598A0029EFFE /* Sources */,
				D14D5818274C598A0029EFFE /* Frameworks */,
				D14D5819274C598A0029EFFE /* Resources */,
			);
			buildRules = (
			);
			dependencies = (
			);
			name = FindPet;
			productName = FindPet;
			productReference = D14D581B274C598A0029EFFE /* FindPet.app */;
			productType = "com.apple.product-type.application";
		};
/* End PBXNativeTarget section */

/* Begin PBXProject section */
		D14D5813274C598A0029EFFE /* Project object */ = {
			isa = PBXProject;
			attributes = {
				BuildIndependentTargetsInParallel = 1;
				LastSwiftUpdateCheck = 1300;
				LastUpgradeCheck = 1300;
				TargetAttributes = {
					D14D581A274C598A0029EFFE = {
						CreatedOnToolsVersion = 13.0;
						LastSwiftMigration = 1300;
					};
				};
			};
			buildConfigurationList = D14D5816274C598A0029EFFE /* Build configuration list for PBXProject "FindPet" */;
			compatibilityVersion = "Xcode 13.0";
			developmentRegion = en;
			hasScannedForEncodings = 0;
			knownRegions = (
				en,
				Base,
			);
			mainGroup = D14D5812274C598A0029EFFE;
			productRefGroup = D14D581C274C598A0029EFFE /* Products */;
			projectDirPath = "";
			projectRoot = "";
			targets = (
				D14D581A274C598A0029EFFE /* FindPet */,
			);
		};
/* End PBXProject section */

/* Begin PBXResourcesBuildPhase section */
		D14D5819274C598A0029EFFE /* Resources */ = {
			isa = PBXResourcesBuildPhase;
			buildActionMask = 2147483647;
			files = (
				D14D582B274C598B0029EFFE /* LaunchScreen.storyboard in Resources */,
				D14D5828274C598B0029EFFE /* Assets.xcassets in Resources */,
				D14D5826274C598A0029EFFE /* Main.storyboard in Resources */,
				D14D583C274C76BB0029EFFE /* perdidos.gif in Resources */,
				D14D5835274C60210029EFFE /* puppy.gif in Resources */,
				D14D5840274C7BA50029EFFE /* encontrados.gif in Resources */,
			);
			runOnlyForDeploymentPostprocessing = 0;
		};
/* End PBXResourcesBuildPhase section */

/* Begin PBXSourcesBuildPhase section */
		D14D5817274C598A0029EFFE /* Sources */ = {
			isa = PBXSourcesBuildPhase;
			buildActionMask = 2147483647;
			files = (
				D14D5823274C598A0029EFFE /* ViewController.swift in Sources */,
				D14D5842274C7ED90029EFFE /* ViewEncontradosTab.swift in Sources */,
				D14D581F274C598A0029EFFE /* AppDelegate.swift in Sources */,
				D14D5833274C5F940029EFFE /* gifLoad.swift in Sources */,
				D1AC388C274D561E006D72D5 /* ViewDetalleDatos.swift in Sources */,
				D14D583A274C6DB60029EFFE /* ViewAdoptarTab.swift in Sources */,
				D1AC388A274D3F35006D72D5 /* Datos.swift in Sources */,
				D14D5846274C86120029EFFE /* iCarousel.m in Sources */,
				D14D583E274C78ED0029EFFE /* ViewPerdidosTab.swift in Sources */,
				D14D5848274C86800029EFFE /* ViewCarrusel.swift in Sources */,
				D14D5821274C598A0029EFFE /* SceneDelegate.swift in Sources */,
			);
			runOnlyForDeploymentPostprocessing = 0;
		};
/* End PBXSourcesBuildPhase section */

/* Begin PBXVariantGroup section */
		D14D5824274C598A0029EFFE /* Main.storyboard */ = {
			isa = PBXVariantGroup;
			children = (
				D14D5825274C598A0029EFFE /* Base */,
			);
			name = Main.storyboard;
			sourceTree = "<group>";
		};
		D14D5829274C598B0029EFFE /* LaunchScreen.storyboard */ = {
			isa = PBXVariantGroup;
			children = (
				D14D582A274C598B0029EFFE /* Base */,
			);
			name = LaunchScreen.storyboard;
			sourceTree = "<group>";
		};
/* End PBXVariantGroup section */

/* Begin XCBuildConfiguration section */
		D14D582D274C598B0029EFFE /* Debug */ = {
			isa = XCBuildConfiguration;
			buildSettings = {
				ALWAYS_SEARCH_USER_PATHS = NO;
				CLANG_ANALYZER_NONNULL = YES;
				CLANG_ANALYZER_NUMBER_OBJECT_CONVERSION = YES_AGGRESSIVE;
				CLANG_CXX_LANGUAGE_STANDARD = "gnu++17";
				CLANG_CXX_LIBRARY = "libc++";
				CLANG_ENABLE_MODULES = YES;
				CLANG_ENABLE_OBJC_ARC = YES;
				CLANG_ENABLE_OBJC_WEAK = YES;
				CLANG_WARN_BLOCK_CAPTURE_AUTORELEASING = YES;
				CLANG_WARN_BOOL_CONVERSION = YES;
				CLANG_WARN_COMMA = YES;
				CLANG_WARN_CONSTANT_CONVERSION = YES;
				CLANG_WARN_DEPRECATED_OBJC_IMPLEMENTATIONS = YES;
				CLANG_WARN_DIRECT_OBJC_ISA_USAGE = YES_ERROR;
				CLANG_WARN_DOCUMENTATION_COMMENTS = YES;
				CLANG_WARN_EMPTY_BODY = YES;
				CLANG_WARN_ENUM_CONVERSION = YES;
				CLANG_WARN_INFINITE_RECURSION = YES;
				CLANG_WARN_INT_CONVERSION = YES;
				CLANG_WARN_NON_LITERAL_NULL_CONVERSION = YES;
				CLANG_WARN_OBJC_IMPLICIT_RETAIN_SELF = YES;
				CLANG_WARN_OBJC_LITERAL_CONVERSION = YES;
				CLANG_WARN_OBJC_ROOT_CLASS = YES_ERROR;
				CLANG_WARN_QUOTED_INCLUDE_IN_FRAMEWORK_HEADER = YES;
				CLANG_WARN_RANGE_LOOP_ANALYSIS = YES;
				CLANG_WARN_STRICT_PROTOTYPES = YES;
				CLANG_WARN_SUSPICIOUS_MOVE = YES;
				CLANG_WARN_UNGUARDED_AVAILABILITY = YES_AGGRESSIVE;
				CLANG_WARN_UNREACHABLE_CODE = YES;
				CLANG_WARN__DUPLICATE_METHOD_MATCH = YES;
				COPY_PHASE_STRIP = NO;
				DEBUG_INFORMATION_FORMAT = dwarf;
				ENABLE_STRICT_OBJC_MSGSEND = YES;
				ENABLE_TESTABILITY = YES;
				GCC_C_LANGUAGE_STANDARD = gnu11;
				GCC_DYNAMIC_NO_PIC = NO;
				GCC_NO_COMMON_BLOCKS = YES;
				GCC_OPTIMIZATION_LEVEL = 0;
				GCC_PREPROCESSOR_DEFINITIONS = (
					"DEBUG=1",
					"$(inherited)",
				);
				GCC_WARN_64_TO_32_BIT_CONVERSION = YES;
				GCC_WARN_ABOUT_RETURN_TYPE = YES_ERROR;
				GCC_WARN_UNDECLARED_SELECTOR = YES;
				GCC_WARN_UNINITIALIZED_AUTOS = YES_AGGRESSIVE;
				GCC_WARN_UNUSED_FUNCTION = YES;
				GCC_WARN_UNUSED_VARIABLE = YES;
				IPHONEOS_DEPLOYMENT_TARGET = 15.0;
				MTL_ENABLE_DEBUG_INFO = INCLUDE_SOURCE;
				MTL_FAST_MATH = YES;
				ONLY_ACTIVE_ARCH = YES;
				SDKROOT = iphoneos;
				SWIFT_ACTIVE_COMPILATION_CONDITIONS = DEBUG;
				SWIFT_OPTIMIZATION_LEVEL = "-Onone";
			};
			name = Debug;
		};
		D14D582E274C598B0029EFFE /* Release */ = {
			isa = XCBuildConfiguration;
			buildSettings = {
				ALWAYS_SEARCH_USER_PATHS = NO;
				CLANG_ANALYZER_NONNULL = YES;
				CLANG_ANALYZER_NUMBER_OBJECT_CONVERSION = YES_AGGRESSIVE;
				CLANG_CXX_LANGUAGE_STANDARD = "gnu++17";
				CLANG_CXX_LIBRARY = "libc++";
				CLANG_ENABLE_MODULES = YES;
				CLANG_ENABLE_OBJC_ARC = YES;
				CLANG_ENABLE_OBJC_WEAK = YES;
				CLANG_WARN_BLOCK_CAPTURE_AUTORELEASING = YES;
				CLANG_WARN_BOOL_CONVERSION = YES;
				CLANG_WARN_COMMA = YES;
				CLANG_WARN_CONSTANT_CONVERSION = YES;
				CLANG_WARN_DEPRECATED_OBJC_IMPLEMENTATIONS = YES;
				CLANG_WARN_DIRECT_OBJC_ISA_USAGE = YES_ERROR;
				CLANG_WARN_DOCUMENTATION_COMMENTS = YES;
				CLANG_WARN_EMPTY_BODY = YES;
				CLANG_WARN_ENUM_CONVERSION = YES;
				CLANG_WARN_INFINITE_RECURSION = YES;
				CLANG_WARN_INT_CONVERSION = YES;
				CLANG_WARN_NON_LITERAL_NULL_CONVERSION = YES;
				CLANG_WARN_OBJC_IMPLICIT_RETAIN_SELF = YES;
				CLANG_WARN_OBJC_LITERAL_CONVERSION = YES;
				CLANG_WARN_OBJC_ROOT_CLASS = YES_ERROR;
				CLANG_WARN_QUOTED_INCLUDE_IN_FRAMEWORK_HEADER = YES;
				CLANG_WARN_RANGE_LOOP_ANALYSIS = YES;
				CLANG_WARN_STRICT_PROTOTYPES = YES;
				CLANG_WARN_SUSPICIOUS_MOVE = YES;
				CLANG_WARN_UNGUARDED_AVAILABILITY = YES_AGGRESSIVE;
				CLANG_WARN_UNREACHABLE_CODE = YES;
				CLANG_WARN__DUPLICATE_METHOD_MATCH = YES;
				COPY_PHASE_STRIP = NO;
				DEBUG_INFORMATION_FORMAT = "dwarf-with-dsym";
				ENABLE_NS_ASSERTIONS = NO;
				ENABLE_STRICT_OBJC_MSGSEND = YES;
				GCC_C_LANGUAGE_STANDARD = gnu11;
				GCC_NO_COMMON_BLOCKS = YES;
				GCC_WARN_64_TO_32_BIT_CONVERSION = YES;
				GCC_WARN_ABOUT_RETURN_TYPE = YES_ERROR;
				GCC_WARN_UNDECLARED_SELECTOR = YES;
				GCC_WARN_UNINITIALIZED_AUTOS = YES_AGGRESSIVE;
				GCC_WARN_UNUSED_FUNCTION = YES;
				GCC_WARN_UNUSED_VARIABLE = YES;
				IPHONEOS_DEPLOYMENT_TARGET = 15.0;
				MTL_ENABLE_DEBUG_INFO = NO;
				MTL_FAST_MATH = YES;
				SDKROOT = iphoneos;
				SWIFT_COMPILATION_MODE = wholemodule;
				SWIFT_OPTIMIZATION_LEVEL = "-O";
				VALIDATE_PRODUCT = YES;
			};
			name = Release;
		};
		D14D5830274C598B0029EFFE /* Debug */ = {
			isa = XCBuildConfiguration;
			buildSettings = {
				ASSETCATALOG_COMPILER_APPICON_NAME = AppIcon;
				ASSETCATALOG_COMPILER_GLOBAL_ACCENT_COLOR_NAME = AccentColor;
				CLANG_ENABLE_MODULES = YES;
				CODE_SIGN_STYLE = Automatic;
				CURRENT_PROJECT_VERSION = 1;
				DEVELOPMENT_TEAM = 9QDXF859Y3;
				GENERATE_INFOPLIST_FILE = YES;
				INFOPLIST_FILE = FindPet/Info.plist;
				INFOPLIST_KEY_UIApplicationSupportsIndirectInputEvents = YES;
				INFOPLIST_KEY_UILaunchStoryboardName = LaunchScreen;
				INFOPLIST_KEY_UIMainStoryboardFile = Main;
				INFOPLIST_KEY_UISupportedInterfaceOrientations = UIInterfaceOrientationPortrait;
				INFOPLIST_KEY_UISupportedInterfaceOrientations_iPad = "UIInterfaceOrientationPortrait UIInterfaceOrientationPortraitUpsideDown UIInterfaceOrientationLandscapeLeft UIInterfaceOrientationLandscapeRight";
				INFOPLIST_KEY_UISupportedInterfaceOrientations_iPhone = "UIInterfaceOrientationPortrait UIInterfaceOrientationLandscapeLeft UIInterfaceOrientationLandscapeRight";
				LD_RUNPATH_SEARCH_PATHS = (
					"$(inherited)",
					"@executable_path/Frameworks",
				);
				MARKETING_VERSION = 1.0;
				PRODUCT_BUNDLE_IDENTIFIER = "betu-more.FindPet";
				PRODUCT_NAME = "$(TARGET_NAME)";
				SWIFT_EMIT_LOC_STRINGS = YES;
				SWIFT_OBJC_BRIDGING_HEADER = "FindPet/FindPet-Bridging-Header.h";
				SWIFT_OPTIMIZATION_LEVEL = "-Onone";
				SWIFT_VERSION = 5.0;
				TARGETED_DEVICE_FAMILY = 1;
			};
			name = Debug;
		};
		D14D5831274C598B0029EFFE /* Release */ = {
			isa = XCBuildConfiguration;
			buildSettings = {
				ASSETCATALOG_COMPILER_APPICON_NAME = AppIcon;
				ASSETCATALOG_COMPILER_GLOBAL_ACCENT_COLOR_NAME = AccentColor;
				CLANG_ENABLE_MODULES = YES;
				CODE_SIGN_STYLE = Automatic;
				CURRENT_PROJECT_VERSION = 1;
				DEVELOPMENT_TEAM = 9QDXF859Y3;
				GENERATE_INFOPLIST_FILE = YES;
				INFOPLIST_FILE = FindPet/Info.plist;
				INFOPLIST_KEY_UIApplicationSupportsIndirectInputEvents = YES;
				INFOPLIST_KEY_UILaunchStoryboardName = LaunchScreen;
				INFOPLIST_KEY_UIMainStoryboardFile = Main;
				INFOPLIST_KEY_UISupportedInterfaceOrientations = UIInterfaceOrientationPortrait;
				INFOPLIST_KEY_UISupportedInterfaceOrientations_iPad = "UIInterfaceOrientationPortrait UIInterfaceOrientationPortraitUpsideDown UIInterfaceOrientationLandscapeLeft UIInterfaceOrientationLandscapeRight";
				INFOPLIST_KEY_UISupportedInterfaceOrientations_iPhone = "UIInterfaceOrientationPortrait UIInterfaceOrientationLandscapeLeft UIInterfaceOrientationLandscapeRight";
				LD_RUNPATH_SEARCH_PATHS = (
					"$(inherited)",
					"@executable_path/Frameworks",
				);
				MARKETING_VERSION = 1.0;
				PRODUCT_BUNDLE_IDENTIFIER = "betu-more.FindPet";
				PRODUCT_NAME = "$(TARGET_NAME)";
				SWIFT_EMIT_LOC_STRINGS = YES;
				SWIFT_OBJC_BRIDGING_HEADER = "FindPet/FindPet-Bridging-Header.h";
				SWIFT_VERSION = 5.0;
				TARGETED_DEVICE_FAMILY = 1;
			};
			name = Release;
		};
/* End XCBuildConfiguration section */

/* Begin XCConfigurationList section */
		D14D5816274C598A0029EFFE /* Build configuration list for PBXProject "FindPet" */ = {
			isa = XCConfigurationList;
			buildConfigurations = (
				D14D582D274C598B0029EFFE /* Debug */,
				D14D582E274C598B0029EFFE /* Release */,
			);
			defaultConfigurationIsVisible = 0;
			defaultConfigurationName = Release;
		};
		D14D582F274C598B0029EFFE /* Build configuration list for PBXNativeTarget "FindPet" */ = {
			isa = XCConfigurationList;
			buildConfigurations = (
				D14D5830274C598B0029EFFE /* Debug */,
				D14D5831274C598B0029EFFE /* Release */,
			);
			defaultConfigurationIsVisible = 0;
			defaultConfigurationName = Release;
		};
/* End XCConfigurationList section */
	};
	rootObject = D14D5813274C598A0029EFFE /* Project object */;
}
